
Microsoft Visual Studio Solution File, Format Version 12.00
# Visual Studio Version 17
VisualStudioVersion = 17.8.34330.188
MinimumVisualStudioVersion = 10.0.40219.1
Project("{2150E333-8FDC-42A3-9474-1A3956D46DE8}") = "FrontEnd", "FrontEnd", "{F05FE522-8233-41AD-A9FB-3A73A2532A1A}"
EndProject
Project("{2150E333-8FDC-42A3-9474-1A3956D46DE8}") = "Gateway", "Gateway", "{9B92D31F-FCF5-41EB-8777-EEF0DAC4AED2}"
EndProject
Project("{2150E333-8FDC-42A3-9474-1A3956D46DE8}") = "integration", "integration", "{5A36CAD8-3866-4840-B5E3-46C5A6CBCDB2}"
EndProject
Project("{2150E333-8FDC-42A3-9474-1A3956D46DE8}") = "Services", "Services", "{F9C7344A-BE96-4CA5-822B-9205D8CFC180}"
EndProject
Project("{9A19103F-16F7-4668-BE54-9A1E7A4F7556}") = "Mango.Services.CouponAPI", "Mango.Services.CouponAPI\Mango.Services.CouponAPI.csproj", "{A704ECA4-03BC-4B3F-BFE4-91D808AEB901}"
EndProject
Project("{9A19103F-16F7-4668-BE54-9A1E7A4F7556}") = "Mango.web", "Mango.web\Mango.web.csproj", "{C8602873-23FD-4502-B1A6-C8719A73C4B9}"
EndProject
Project("{9A19103F-16F7-4668-BE54-9A1E7A4F7556}") = "Mango.Services.AuthAPI", "Mango.Services.AuthAPI\Mango.Services.AuthAPI.csproj", "{4133C137-3C99-455F-B5E8-9A82B33162D3}"
EndProject
Project("{9A19103F-16F7-4668-BE54-9A1E7A4F7556}") = "Mango.Service.ProductAPI", "Mango.Service.ProductAPI\Mango.Service.ProductAPI.csproj", "{94281EA6-E083-4ED7-AFB4-CDB45B84C80E}"
EndProject
Project("{9A19103F-16F7-4668-BE54-9A1E7A4F7556}") = "Mango.Services.ShoppingCartAPI", "Mango.Services.ShoppingCartAPI\Mango.Services.ShoppingCartAPI.csproj", "{FA09302D-66D5-4158-8D79-7CDECA1DBB40}"
EndProject
Project("{9A19103F-16F7-4668-BE54-9A1E7A4F7556}") = "Mango.MessageBus", "Mango.MessageBus\Mango.MessageBus.csproj", "{E4244A43-0117-499B-AD7C-8A1AA3122ED0}"
EndProject
Project("{9A19103F-16F7-4668-BE54-9A1E7A4F7556}") = "Mango.Services.EmailAPI", "Mango.Services.EmailAPI\Mango.Services.EmailAPI.csproj", "{6A7113F0-B6AF-4CD6-837B-ED6BC99B293A}"
EndProject
Project("{9A19103F-16F7-4668-BE54-9A1E7A4F7556}") = "Mango.Services.OrderAPI", "Mango.Services.OrderAPI\Mango.Services.OrderAPI.csproj", "{8C7204A1-2C34-46B7-A3D8-85E147B48865}"
EndProject
Project("{9A19103F-16F7-4668-BE54-9A1E7A4F7556}") = "Mango.Services.RewardAPI", "Mango.Services.RewardAPI\Mango.Services.RewardAPI.csproj", "{46FF4D67-E726-453D-A51B-02DD237887EC}"
EndProject
Project("{9A19103F-16F7-4668-BE54-9A1E7A4F7556}") = "Mango.GatewaySolution", "Mango.GatewaySolution\Mango.GatewaySolution.csproj", "{50EF9A32-E3E0-42E5-BDC8-E20EBAAFE6B9}"
EndProject
Project("{2150E333-8FDC-42A3-9474-1A3956D46DE8}") = "Admin", "Admin", "{8CFD63FA-D803-4EBF-92BB-D07843399853}"
EndProject
Project("{FAE04EC0-301F-11D3-BF4B-00C04F79EFBC}") = "AdminPanel", "AdminPanel\AdminPanel.csproj", "{504263F6-F1BF-4260-AFB5-74EC87052B54}"
EndProject
Global
	GlobalSection(SolutionConfigurationPlatforms) = preSolution
		Debug|Any CPU = Debug|Any CPU
		Release|Any CPU = Release|Any CPU
	EndGlobalSection
	GlobalSection(ProjectConfigurationPlatforms) = postSolution
		{A704ECA4-03BC-4B3F-BFE4-91D808AEB901}.Debug|Any CPU.ActiveCfg = Debug|Any CPU
		{A704ECA4-03BC-4B3F-BFE4-91D808AEB901}.Debug|Any CPU.Build.0 = Debug|Any CPU
		{A704ECA4-03BC-4B3F-BFE4-91D808AEB901}.Release|Any CPU.ActiveCfg = Release|Any CPU
		{A704ECA4-03BC-4B3F-BFE4-91D808AEB901}.Release|Any CPU.Build.0 = Release|Any CPU
		{C8602873-23FD-4502-B1A6-C8719A73C4B9}.Debug|Any CPU.ActiveCfg = Debug|Any CPU
		{C8602873-23FD-4502-B1A6-C8719A73C4B9}.Debug|Any CPU.Build.0 = Debug|Any CPU
		{C8602873-23FD-4502-B1A6-C8719A73C4B9}.Release|Any CPU.ActiveCfg = Release|Any CPU
		{C8602873-23FD-4502-B1A6-C8719A73C4B9}.Release|Any CPU.Build.0 = Release|Any CPU
		{4133C137-3C99-455F-B5E8-9A82B33162D3}.Debug|Any CPU.ActiveCfg = Debug|Any CPU
		{4133C137-3C99-455F-B5E8-9A82B33162D3}.Debug|Any CPU.Build.0 = Debug|Any CPU
		{4133C137-3C99-455F-B5E8-9A82B33162D3}.Release|Any CPU.ActiveCfg = Release|Any CPU
		{4133C137-3C99-455F-B5E8-9A82B33162D3}.Release|Any CPU.Build.0 = Release|Any CPU
		{94281EA6-E083-4ED7-AFB4-CDB45B84C80E}.Debug|Any CPU.ActiveCfg = Debug|Any CPU
		{94281EA6-E083-4ED7-AFB4-CDB45B84C80E}.Debug|Any CPU.Build.0 = Debug|Any CPU
		{94281EA6-E083-4ED7-AFB4-CDB45B84C80E}.Release|Any CPU.ActiveCfg = Release|Any CPU
		{94281EA6-E083-4ED7-AFB4-CDB45B84C80E}.Release|Any CPU.Build.0 = Release|Any CPU
		{FA09302D-66D5-4158-8D79-7CDECA1DBB40}.Debug|Any CPU.ActiveCfg = Debug|Any CPU
		{FA09302D-66D5-4158-8D79-7CDECA1DBB40}.Debug|Any CPU.Build.0 = Debug|Any CPU
		{FA09302D-66D5-4158-8D79-7CDECA1DBB40}.Release|Any CPU.ActiveCfg = Release|Any CPU
		{FA09302D-66D5-4158-8D79-7CDECA1DBB40}.Release|Any CPU.Build.0 = Release|Any CPU
		{E4244A43-0117-499B-AD7C-8A1AA3122ED0}.Debug|Any CPU.ActiveCfg = Debug|Any CPU
		{E4244A43-0117-499B-AD7C-8A1AA3122ED0}.Debug|Any CPU.Build.0 = Debug|Any CPU
		{E4244A43-0117-499B-AD7C-8A1AA3122ED0}.Release|Any CPU.ActiveCfg = Release|Any CPU
		{E4244A43-0117-499B-AD7C-8A1AA3122ED0}.Release|Any CPU.Build.0 = Release|Any CPU
		{6A7113F0-B6AF-4CD6-837B-ED6BC99B293A}.Debug|Any CPU.ActiveCfg = Debug|Any CPU
		{6A7113F0-B6AF-4CD6-837B-ED6BC99B293A}.Debug|Any CPU.Build.0 = Debug|Any CPU
		{6A7113F0-B6AF-4CD6-837B-ED6BC99B293A}.Release|Any CPU.ActiveCfg = Release|Any CPU
		{6A7113F0-B6AF-4CD6-837B-ED6BC99B293A}.Release|Any CPU.Build.0 = Release|Any CPU
		{8C7204A1-2C34-46B7-A3D8-85E147B48865}.Debug|Any CPU.ActiveCfg = Debug|Any CPU
		{8C7204A1-2C34-46B7-A3D8-85E147B48865}.Debug|Any CPU.Build.0 = Debug|Any CPU
		{8C7204A1-2C34-46B7-A3D8-85E147B48865}.Release|Any CPU.ActiveCfg = Release|Any CPU
		{8C7204A1-2C34-46B7-A3D8-85E147B48865}.Release|Any CPU.Build.0 = Release|Any CPU
		{46FF4D67-E726-453D-A51B-02DD237887EC}.Debug|Any CPU.ActiveCfg = Debug|Any CPU
		{46FF4D67-E726-453D-A51B-02DD237887EC}.Debug|Any CPU.Build.0 = Debug|Any CPU
		{46FF4D67-E726-453D-A51B-02DD237887EC}.Release|Any CPU.ActiveCfg = Release|Any CPU
		{46FF4D67-E726-453D-A51B-02DD237887EC}.Release|Any CPU.Build.0 = Release|Any CPU
		{50EF9A32-E3E0-42E5-BDC8-E20EBAAFE6B9}.Debug|Any CPU.ActiveCfg = Debug|Any CPU
		{50EF9A32-E3E0-42E5-BDC8-E20EBAAFE6B9}.Debug|Any CPU.Build.0 = Debug|Any CPU
		{50EF9A32-E3E0-42E5-BDC8-E20EBAAFE6B9}.Release|Any CPU.ActiveCfg = Release|Any CPU
		{50EF9A32-E3E0-42E5-BDC8-E20EBAAFE6B9}.Release|Any CPU.Build.0 = Release|Any CPU
		{504263F6-F1BF-4260-AFB5-74EC87052B54}.Debug|Any CPU.ActiveCfg = Debug|Any CPU
		{504263F6-F1BF-4260-AFB5-74EC87052B54}.Debug|Any CPU.Build.0 = Debug|Any CPU
		{504263F6-F1BF-4260-AFB5-74EC87052B54}.Release|Any CPU.ActiveCfg = Release|Any CPU
		{504263F6-F1BF-4260-AFB5-74EC87052B54}.Release|Any CPU.Build.0 = Release|Any CPU
	EndGlobalSection
	GlobalSection(SolutionProperties) = preSolution
		HideSolutionNode = FALSE
	EndGlobalSection
	GlobalSection(NestedProjects) = preSolution
		{A704ECA4-03BC-4B3F-BFE4-91D808AEB901} = {F9C7344A-BE96-4CA5-822B-9205D8CFC180}
		{C8602873-23FD-4502-B1A6-C8719A73C4B9} = {F05FE522-8233-41AD-A9FB-3A73A2532A1A}
		{4133C137-3C99-455F-B5E8-9A82B33162D3} = {F9C7344A-BE96-4CA5-822B-9205D8CFC180}
		{94281EA6-E083-4ED7-AFB4-CDB45B84C80E} = {F9C7344A-BE96-4CA5-822B-9205D8CFC180}
		{FA09302D-66D5-4158-8D79-7CDECA1DBB40} = {F9C7344A-BE96-4CA5-822B-9205D8CFC180}
		{E4244A43-0117-499B-AD7C-8A1AA3122ED0} = {5A36CAD8-3866-4840-B5E3-46C5A6CBCDB2}
		{6A7113F0-B6AF-4CD6-837B-ED6BC99B293A} = {F9C7344A-BE96-4CA5-822B-9205D8CFC180}
		{8C7204A1-2C34-46B7-A3D8-85E147B48865} = {F9C7344A-BE96-4CA5-822B-9205D8CFC180}
		{46FF4D67-E726-453D-A51B-02DD237887EC} = {F9C7344A-BE96-4CA5-822B-9205D8CFC180}
		{50EF9A32-E3E0-42E5-BDC8-E20EBAAFE6B9} = {9B92D31F-FCF5-41EB-8777-EEF0DAC4AED2}
		{504263F6-F1BF-4260-AFB5-74EC87052B54} = {8CFD63FA-D803-4EBF-92BB-D07843399853}
	EndGlobalSection
	GlobalSection(ExtensibilityGlobals) = postSolution
		SolutionGuid = {87324430-AA81-4F25-ADC8-70CE32236D40}
	EndGlobalSection
EndGlobal
